{
  "name": "1-website",
  "version": "1.0.0",
  "lockfileVersion": 3,
  "requires": true,
  "packages": {
    "": {
      "name": "1-website",
      "version": "1.0.0",
      "license": "ISC",
      "dependencies": {
        "schemaimporter": "github:flowmcp/flowmcp-schemas#befaad1f1dfc0b3bf6668eb0f6cdda4528ab6c26"
      }
    },
    "node_modules/schemaimporter": {
      "name": "schema-importer",
      "version": "1.5.0",
      "resolved": "git+ssh://git@github.com/flowmcp/flowmcp-schemas.git#befaad1f1dfc0b3bf6668eb0f6cdda4528ab6c26",
      "integrity": "sha512-bkx5wRu1yhab0f0hFaaPfVSoe4/zWNew0Cghxh1VPeP9OihI3BxNcduwXbzANsk0CfIARS1CWMNGLGvr0yQ48Q==",
      "license": "MIT",
      "engines": {
        "node": ">=18.0.0"
      }
    }
  }
}
